
Microsoft Visual Studio Solution File, Format Version 12.00
# Visual Studio Version 17
VisualStudioVersion = 17.14.36414.22
MinimumVisualStudioVersion = 10.0.40219.1
Project("{2150E333-8FDC-42A3-9474-1A3956D46DE8}") = "Task0", "Task0", "{02EA681E-C7D8-13C7-8484-4AC65E1B71E8}"
EndProject
Project("{FAE04EC0-301F-11D3-BF4B-00C04F79EFBC}") = "Tyuiu.AtakishievRS.Sprint2.Task0.V18", "Tyuiu.AtakishievRS.Sprint2.Task0.V18\Tyuiu.AtakishievRS.Sprint2.Task0.V18.csproj", "{A5EF0B81-CADC-487A-8207-592E5E127E19}"
EndProject
Project("{FAE04EC0-301F-11D3-BF4B-00C04F79EFBC}") = "Tyuiu.AtakishievRS.Sprint2.Task0.V18.Lib", "Tyuiu.AtakishievRS.Sprint2.Task0.V18.Lib\Tyuiu.AtakishievRS.Sprint2.Task0.V18.Lib.csproj", "{03C3D221-8540-40EA-8146-18B37D076E1F}"
EndProject
Project("{FAE04EC0-301F-11D3-BF4B-00C04F79EFBC}") = "Tyuiu.AtakishievRS.Sprint2.Task0.V18.Test", "Tyuiu.AtakishievRS.Sprint2.Task0.V18.Test\Tyuiu.AtakishievRS.Sprint2.Task0.V18.Test.csproj", "{3F70E4FB-5C37-4A70-B368-A86A977BBE86}"
EndProject
Project("{2150E333-8FDC-42A3-9474-1A3956D46DE8}") = "Task1", "Task1", "{C8C275EA-5CEA-468A-963A-946A29AFFEA4}"
EndProject
Project("{FAE04EC0-301F-11D3-BF4B-00C04F79EFBC}") = "Tyuiu.AtakishievRS.Sprint2.Task1.V13.Lib", "Tyuiu.AtakishievRS.Sprint2.Task1.V13.Lib\Tyuiu.AtakishievRS.Sprint2.Task1.V13.Lib.csproj", "{3DAB8E5B-B27C-43DB-8CF9-29175D7F537A}"
EndProject
Project("{FAE04EC0-301F-11D3-BF4B-00C04F79EFBC}") = "Tyuiu.AtakishievRS.Sprint2.Task1.V13", "Tyuiu.AtakishievRS.Sprint2.Task1.V13\Tyuiu.AtakishievRS.Sprint2.Task1.V13.csproj", "{01F1310D-BFCE-4B1A-942A-34DEC12F3200}"
EndProject
Project("{FAE04EC0-301F-11D3-BF4B-00C04F79EFBC}") = "Tyuiu.AtakishievRS.Sprint2.Task1.V13.Test", "Tyuiu.AtakishievRS.Sprint2.Task1.V13.Test\Tyuiu.AtakishievRS.Sprint2.Task1.V13.Test.csproj", "{6AD497F5-18FA-4789-91F6-98CF3E6EFFF4}"
EndProject
Project("{2150E333-8FDC-42A3-9474-1A3956D46DE8}") = "Task2", "Task2", "{BFF0AA41-3CDC-4C3F-8410-6CF4F1A4CF1A}"
EndProject
Project("{FAE04EC0-301F-11D3-BF4B-00C04F79EFBC}") = "Tyuiu.AtakishievRS.Sprint2.Task2.V16.Lib", "Tyuiu.AtakishievRS.Sprint2.Task2.V16.Lib\Tyuiu.AtakishievRS.Sprint2.Task2.V16.Lib.csproj", "{E4561E41-CBB3-4065-A4DB-D889C376F4F8}"
EndProject
Project("{FAE04EC0-301F-11D3-BF4B-00C04F79EFBC}") = "Tyuiu.AtakishievRS.Sprint2.Task2.V16", "Tyuiu.AtakishievRS.Sprint2.Task2.V16\Tyuiu.AtakishievRS.Sprint2.Task2.V16.csproj", "{7D4C52CA-2292-43BD-B2CD-26FD6374F65A}"
EndProject
Project("{FAE04EC0-301F-11D3-BF4B-00C04F79EFBC}") = "Tyuiu.AtakishievRS.Sprint2.Task2.V16.Test", "Tyuiu.AtakishievRS.Sprint2.Task2.V16.Test\Tyuiu.AtakishievRS.Sprint2.Task2.V16.Test.csproj", "{5FC9BE01-438E-489A-B54D-3AD63B94C39A}"
EndProject
Project("{2150E333-8FDC-42A3-9474-1A3956D46DE8}") = "Task3", "Task3", "{01031011-296C-4ED5-8939-502FCBEAF2B7}"
EndProject
Project("{FAE04EC0-301F-11D3-BF4B-00C04F79EFBC}") = "Tyuiu.AtakishievRS.Sprint2.Task3.V3.Lib", "Tyuiu.AtakishievRS.Sprint2.Task3.V3.Lib\Tyuiu.AtakishievRS.Sprint2.Task3.V3.Lib.csproj", "{AC2366F3-9BEB-4042-84B8-46EAED015771}"
EndProject
Project("{FAE04EC0-301F-11D3-BF4B-00C04F79EFBC}") = "Tyuiu.AtakishievRS.Sprint2.Task3.V3", "Tyuiu.AtakishievRS.Sprint2.Task3.V3\Tyuiu.AtakishievRS.Sprint2.Task3.V3.csproj", "{545333C9-149A-4FE8-A487-6D8B34B2B78C}"
EndProject
Project("{FAE04EC0-301F-11D3-BF4B-00C04F79EFBC}") = "Tyuiu.AtakishievRS.Sprint2.Task3.V3.Test", "Tyuiu.AtakishievRS.Sprint2.Task3.V3.Lib.Test\Tyuiu.AtakishievRS.Sprint2.Task3.V3.Test.csproj", "{E3485D51-D720-494B-9350-A74E382358A7}"
EndProject
Project("{2150E333-8FDC-42A3-9474-1A3956D46DE8}") = "Task4", "Task4", "{D0B74504-2D30-4B94-803F-9A8F291E362B}"
EndProject
Project("{FAE04EC0-301F-11D3-BF4B-00C04F79EFBC}") = "Tyuiu.AtakishievRS.Sprint2.Task4.V6.Lib", "Tyuiu.AtakishievRS.Sprint2.Task4.V6.Lib\Tyuiu.AtakishievRS.Sprint2.Task4.V6.Lib.csproj", "{88431376-5F0E-4F2A-8EE7-977E61C5D775}"
EndProject
Project("{FAE04EC0-301F-11D3-BF4B-00C04F79EFBC}") = "Tyuiu.AtakishievRS.Sprint2.Task4.V6", "Tyuiu.AtakishievRS.Sprint2.Task4.V6\Tyuiu.AtakishievRS.Sprint2.Task4.V6.csproj", "{AB65B3D8-F456-48B6-B715-F0BE0B8178C4}"
EndProject
Project("{FAE04EC0-301F-11D3-BF4B-00C04F79EFBC}") = "Tyuiu.AtakishievRS.Sprint2.Task4.V6.Test", "Tyuiu.AtakishievRS.Sprint2.Task4.V6.Test\Tyuiu.AtakishievRS.Sprint2.Task4.V6.Test.csproj", "{28F0B549-E25D-4BAB-A63E-93508BC07C14}"
EndProject
Project("{2150E333-8FDC-42A3-9474-1A3956D46DE8}") = "Task5", "Task5", "{9485C8ED-CC9D-46FB-88C1-D76FEFA6F980}"
EndProject
Project("{FAE04EC0-301F-11D3-BF4B-00C04F79EFBC}") = "Tyuiu.AtakishievRS.Sprint2.Task5.V4.Lib", "Tyuiu.AtakishievRS.Sprint2.Task5.V4.Lib\Tyuiu.AtakishievRS.Sprint2.Task5.V4.Lib.csproj", "{28CC60AD-0F31-44DF-8F7E-525E900181C9}"
EndProject
Project("{FAE04EC0-301F-11D3-BF4B-00C04F79EFBC}") = "Tyuiu.AtakishievRS.Sprint2.Task5.V4.Test", "Tyuiu.AtakishievRS.Sprint2.Task5.V4.Test\Tyuiu.AtakishievRS.Sprint2.Task5.V4.Test.csproj", "{59E71F46-6995-438D-B462-784B6B35E6D4}"
EndProject
Project("{FAE04EC0-301F-11D3-BF4B-00C04F79EFBC}") = "Tyuiu.AtakishievRS.Sprint2.Task5.V4", "Tyuiu.AtakishievRS.Sprint2.Task5.V4\Tyuiu.AtakishievRS.Sprint2.Task5.V4.csproj", "{9B66040B-6A01-4E29-B0F4-92503BFCF0DF}"
EndProject
Global
	GlobalSection(SolutionConfigurationPlatforms) = preSolution
		Debug|Any CPU = Debug|Any CPU
		Release|Any CPU = Release|Any CPU
	EndGlobalSection
	GlobalSection(ProjectConfigurationPlatforms) = postSolution
		{A5EF0B81-CADC-487A-8207-592E5E127E19}.Debug|Any CPU.ActiveCfg = Debug|Any CPU
		{A5EF0B81-CADC-487A-8207-592E5E127E19}.Debug|Any CPU.Build.0 = Debug|Any CPU
		{A5EF0B81-CADC-487A-8207-592E5E127E19}.Release|Any CPU.ActiveCfg = Release|Any CPU
		{A5EF0B81-CADC-487A-8207-592E5E127E19}.Release|Any CPU.Build.0 = Release|Any CPU
		{03C3D221-8540-40EA-8146-18B37D076E1F}.Debug|Any CPU.ActiveCfg = Debug|Any CPU
		{03C3D221-8540-40EA-8146-18B37D076E1F}.Debug|Any CPU.Build.0 = Debug|Any CPU
		{03C3D221-8540-40EA-8146-18B37D076E1F}.Release|Any CPU.ActiveCfg = Release|Any CPU
		{03C3D221-8540-40EA-8146-18B37D076E1F}.Release|Any CPU.Build.0 = Release|Any CPU
		{3F70E4FB-5C37-4A70-B368-A86A977BBE86}.Debug|Any CPU.ActiveCfg = Debug|Any CPU
		{3F70E4FB-5C37-4A70-B368-A86A977BBE86}.Debug|Any CPU.Build.0 = Debug|Any CPU
		{3F70E4FB-5C37-4A70-B368-A86A977BBE86}.Release|Any CPU.ActiveCfg = Release|Any CPU
		{3F70E4FB-5C37-4A70-B368-A86A977BBE86}.Release|Any CPU.Build.0 = Release|Any CPU
		{3DAB8E5B-B27C-43DB-8CF9-29175D7F537A}.Debug|Any CPU.ActiveCfg = Debug|Any CPU
		{3DAB8E5B-B27C-43DB-8CF9-29175D7F537A}.Debug|Any CPU.Build.0 = Debug|Any CPU
		{3DAB8E5B-B27C-43DB-8CF9-29175D7F537A}.Release|Any CPU.ActiveCfg = Release|Any CPU
		{3DAB8E5B-B27C-43DB-8CF9-29175D7F537A}.Release|Any CPU.Build.0 = Release|Any CPU
		{01F1310D-BFCE-4B1A-942A-34DEC12F3200}.Debug|Any CPU.ActiveCfg = Debug|Any CPU
		{01F1310D-BFCE-4B1A-942A-34DEC12F3200}.Debug|Any CPU.Build.0 = Debug|Any CPU
		{01F1310D-BFCE-4B1A-942A-34DEC12F3200}.Release|Any CPU.ActiveCfg = Release|Any CPU
		{01F1310D-BFCE-4B1A-942A-34DEC12F3200}.Release|Any CPU.Build.0 = Release|Any CPU
		{6AD497F5-18FA-4789-91F6-98CF3E6EFFF4}.Debug|Any CPU.ActiveCfg = Debug|Any CPU
		{6AD497F5-18FA-4789-91F6-98CF3E6EFFF4}.Debug|Any CPU.Build.0 = Debug|Any CPU
		{6AD497F5-18FA-4789-91F6-98CF3E6EFFF4}.Release|Any CPU.ActiveCfg = Release|Any CPU
		{6AD497F5-18FA-4789-91F6-98CF3E6EFFF4}.Release|Any CPU.Build.0 = Release|Any CPU
		{E4561E41-CBB3-4065-A4DB-D889C376F4F8}.Debug|Any CPU.ActiveCfg = Debug|Any CPU
		{E4561E41-CBB3-4065-A4DB-D889C376F4F8}.Debug|Any CPU.Build.0 = Debug|Any CPU
		{E4561E41-CBB3-4065-A4DB-D889C376F4F8}.Release|Any CPU.ActiveCfg = Release|Any CPU
		{E4561E41-CBB3-4065-A4DB-D889C376F4F8}.Release|Any CPU.Build.0 = Release|Any CPU
		{7D4C52CA-2292-43BD-B2CD-26FD6374F65A}.Debug|Any CPU.ActiveCfg = Debug|Any CPU
		{7D4C52CA-2292-43BD-B2CD-26FD6374F65A}.Debug|Any CPU.Build.0 = Debug|Any CPU
		{7D4C52CA-2292-43BD-B2CD-26FD6374F65A}.Release|Any CPU.ActiveCfg = Release|Any CPU
		{7D4C52CA-2292-43BD-B2CD-26FD6374F65A}.Release|Any CPU.Build.0 = Release|Any CPU
		{5FC9BE01-438E-489A-B54D-3AD63B94C39A}.Debug|Any CPU.ActiveCfg = Debug|Any CPU
		{5FC9BE01-438E-489A-B54D-3AD63B94C39A}.Debug|Any CPU.Build.0 = Debug|Any CPU
		{5FC9BE01-438E-489A-B54D-3AD63B94C39A}.Release|Any CPU.ActiveCfg = Release|Any CPU
		{5FC9BE01-438E-489A-B54D-3AD63B94C39A}.Release|Any CPU.Build.0 = Release|Any CPU
		{AC2366F3-9BEB-4042-84B8-46EAED015771}.Debug|Any CPU.ActiveCfg = Debug|Any CPU
		{AC2366F3-9BEB-4042-84B8-46EAED015771}.Debug|Any CPU.Build.0 = Debug|Any CPU
		{AC2366F3-9BEB-4042-84B8-46EAED015771}.Release|Any CPU.ActiveCfg = Release|Any CPU
		{AC2366F3-9BEB-4042-84B8-46EAED015771}.Release|Any CPU.Build.0 = Release|Any CPU
		{545333C9-149A-4FE8-A487-6D8B34B2B78C}.Debug|Any CPU.ActiveCfg = Debug|Any CPU
		{545333C9-149A-4FE8-A487-6D8B34B2B78C}.Debug|Any CPU.Build.0 = Debug|Any CPU
		{545333C9-149A-4FE8-A487-6D8B34B2B78C}.Release|Any CPU.ActiveCfg = Release|Any CPU
		{545333C9-149A-4FE8-A487-6D8B34B2B78C}.Release|Any CPU.Build.0 = Release|Any CPU
		{E3485D51-D720-494B-9350-A74E382358A7}.Debug|Any CPU.ActiveCfg = Debug|Any CPU
		{E3485D51-D720-494B-9350-A74E382358A7}.Debug|Any CPU.Build.0 = Debug|Any CPU
		{E3485D51-D720-494B-9350-A74E382358A7}.Release|Any CPU.ActiveCfg = Release|Any CPU
		{E3485D51-D720-494B-9350-A74E382358A7}.Release|Any CPU.Build.0 = Release|Any CPU
		{88431376-5F0E-4F2A-8EE7-977E61C5D775}.Debug|Any CPU.ActiveCfg = Debug|Any CPU
		{88431376-5F0E-4F2A-8EE7-977E61C5D775}.Debug|Any CPU.Build.0 = Debug|Any CPU
		{88431376-5F0E-4F2A-8EE7-977E61C5D775}.Release|Any CPU.ActiveCfg = Release|Any CPU
		{88431376-5F0E-4F2A-8EE7-977E61C5D775}.Release|Any CPU.Build.0 = Release|Any CPU
		{AB65B3D8-F456-48B6-B715-F0BE0B8178C4}.Debug|Any CPU.ActiveCfg = Debug|Any CPU
		{AB65B3D8-F456-48B6-B715-F0BE0B8178C4}.Debug|Any CPU.Build.0 = Debug|Any CPU
		{AB65B3D8-F456-48B6-B715-F0BE0B8178C4}.Release|Any CPU.ActiveCfg = Release|Any CPU
		{AB65B3D8-F456-48B6-B715-F0BE0B8178C4}.Release|Any CPU.Build.0 = Release|Any CPU
		{28F0B549-E25D-4BAB-A63E-93508BC07C14}.Debug|Any CPU.ActiveCfg = Debug|Any CPU
		{28F0B549-E25D-4BAB-A63E-93508BC07C14}.Debug|Any CPU.Build.0 = Debug|Any CPU
		{28F0B549-E25D-4BAB-A63E-93508BC07C14}.Release|Any CPU.ActiveCfg = Release|Any CPU
		{28F0B549-E25D-4BAB-A63E-93508BC07C14}.Release|Any CPU.Build.0 = Release|Any CPU
		{28CC60AD-0F31-44DF-8F7E-525E900181C9}.Debug|Any CPU.ActiveCfg = Debug|Any CPU
		{28CC60AD-0F31-44DF-8F7E-525E900181C9}.Debug|Any CPU.Build.0 = Debug|Any CPU
		{28CC60AD-0F31-44DF-8F7E-525E900181C9}.Release|Any CPU.ActiveCfg = Release|Any CPU
		{28CC60AD-0F31-44DF-8F7E-525E900181C9}.Release|Any CPU.Build.0 = Release|Any CPU
		{59E71F46-6995-438D-B462-784B6B35E6D4}.Debug|Any CPU.ActiveCfg = Debug|Any CPU
		{59E71F46-6995-438D-B462-784B6B35E6D4}.Debug|Any CPU.Build.0 = Debug|Any CPU
		{59E71F46-6995-438D-B462-784B6B35E6D4}.Release|Any CPU.ActiveCfg = Release|Any CPU
		{59E71F46-6995-438D-B462-784B6B35E6D4}.Release|Any CPU.Build.0 = Release|Any CPU
		{9B66040B-6A01-4E29-B0F4-92503BFCF0DF}.Debug|Any CPU.ActiveCfg = Debug|Any CPU
		{9B66040B-6A01-4E29-B0F4-92503BFCF0DF}.Debug|Any CPU.Build.0 = Debug|Any CPU
		{9B66040B-6A01-4E29-B0F4-92503BFCF0DF}.Release|Any CPU.ActiveCfg = Release|Any CPU
		{9B66040B-6A01-4E29-B0F4-92503BFCF0DF}.Release|Any CPU.Build.0 = Release|Any CPU
	EndGlobalSection
	GlobalSection(SolutionProperties) = preSolution
		HideSolutionNode = FALSE
	EndGlobalSection
	GlobalSection(NestedProjects) = preSolution
		{A5EF0B81-CADC-487A-8207-592E5E127E19} = {02EA681E-C7D8-13C7-8484-4AC65E1B71E8}
		{03C3D221-8540-40EA-8146-18B37D076E1F} = {02EA681E-C7D8-13C7-8484-4AC65E1B71E8}
		{3F70E4FB-5C37-4A70-B368-A86A977BBE86} = {02EA681E-C7D8-13C7-8484-4AC65E1B71E8}
		{3DAB8E5B-B27C-43DB-8CF9-29175D7F537A} = {C8C275EA-5CEA-468A-963A-946A29AFFEA4}
		{01F1310D-BFCE-4B1A-942A-34DEC12F3200} = {C8C275EA-5CEA-468A-963A-946A29AFFEA4}
		{6AD497F5-18FA-4789-91F6-98CF3E6EFFF4} = {C8C275EA-5CEA-468A-963A-946A29AFFEA4}
		{E4561E41-CBB3-4065-A4DB-D889C376F4F8} = {BFF0AA41-3CDC-4C3F-8410-6CF4F1A4CF1A}
		{7D4C52CA-2292-43BD-B2CD-26FD6374F65A} = {BFF0AA41-3CDC-4C3F-8410-6CF4F1A4CF1A}
		{5FC9BE01-438E-489A-B54D-3AD63B94C39A} = {BFF0AA41-3CDC-4C3F-8410-6CF4F1A4CF1A}
		{AC2366F3-9BEB-4042-84B8-46EAED015771} = {01031011-296C-4ED5-8939-502FCBEAF2B7}
		{545333C9-149A-4FE8-A487-6D8B34B2B78C} = {01031011-296C-4ED5-8939-502FCBEAF2B7}
		{E3485D51-D720-494B-9350-A74E382358A7} = {01031011-296C-4ED5-8939-502FCBEAF2B7}
		{88431376-5F0E-4F2A-8EE7-977E61C5D775} = {D0B74504-2D30-4B94-803F-9A8F291E362B}
		{AB65B3D8-F456-48B6-B715-F0BE0B8178C4} = {D0B74504-2D30-4B94-803F-9A8F291E362B}
		{28F0B549-E25D-4BAB-A63E-93508BC07C14} = {D0B74504-2D30-4B94-803F-9A8F291E362B}
		{28CC60AD-0F31-44DF-8F7E-525E900181C9} = {9485C8ED-CC9D-46FB-88C1-D76FEFA6F980}
		{59E71F46-6995-438D-B462-784B6B35E6D4} = {9485C8ED-CC9D-46FB-88C1-D76FEFA6F980}
		{9B66040B-6A01-4E29-B0F4-92503BFCF0DF} = {9485C8ED-CC9D-46FB-88C1-D76FEFA6F980}
	EndGlobalSection
	GlobalSection(ExtensibilityGlobals) = postSolution
		SolutionGuid = {91100FA5-669A-4D58-9898-3A688109D810}
	EndGlobalSection
EndGlobal
