
Microsoft Visual Studio Solution File, Format Version 12.00
# Visual Studio Version 17
VisualStudioVersion = 17.14.36414.22
MinimumVisualStudioVersion = 10.0.40219.1
Project("{2150E333-8FDC-42A3-9474-1A3956D46DE8}") = "Task0", "Task0", "{02EA681E-C7D8-13C7-8484-4AC65E1B71E8}"
EndProject
Project("{FAE04EC0-301F-11D3-BF4B-00C04F79EFBC}") = "Tyuiu.AtakishievRS.Sprint2.Task0.V18", "Tyuiu.AtakishievRS.Sprint2.Task0.V18\Tyuiu.AtakishievRS.Sprint2.Task0.V18.csproj", "{A5EF0B81-CADC-487A-8207-592E5E127E19}"
EndProject
Project("{FAE04EC0-301F-11D3-BF4B-00C04F79EFBC}") = "Tyuiu.AtakishievRS.Sprint2.Task0.V18.Lib", "Tyuiu.AtakishievRS.Sprint2.Task0.V18.Lib\Tyuiu.AtakishievRS.Sprint2.Task0.V18.Lib.csproj", "{03C3D221-8540-40EA-8146-18B37D076E1F}"
EndProject
Project("{FAE04EC0-301F-11D3-BF4B-00C04F79EFBC}") = "Tyuiu.AtakishievRS.Sprint2.Task0.V18.Test", "Tyuiu.AtakishievRS.Sprint2.Task0.V18.Test\Tyuiu.AtakishievRS.Sprint2.Task0.V18.Test.csproj", "{3F70E4FB-5C37-4A70-B368-A86A977BBE86}"
EndProject
Project("{2150E333-8FDC-42A3-9474-1A3956D46DE8}") = "Task1", "Task1", "{C8C275EA-5CEA-468A-963A-946A29AFFEA4}"
EndProject
Project("{FAE04EC0-301F-11D3-BF4B-00C04F79EFBC}") = "Tyuiu.AtakishievRS.Sprint2.Task1.V13.Lib", "Tyuiu.AtakishievRS.Sprint2.Task1.V13.Lib\Tyuiu.AtakishievRS.Sprint2.Task1.V13.Lib.csproj", "{3DAB8E5B-B27C-43DB-8CF9-29175D7F537A}"
EndProject
Project("{FAE04EC0-301F-11D3-BF4B-00C04F79EFBC}") = "Tyuiu.AtakishievRS.Sprint2.Task1.V13", "Tyuiu.AtakishievRS.Sprint2.Task1.V13\Tyuiu.AtakishievRS.Sprint2.Task1.V13.csproj", "{01F1310D-BFCE-4B1A-942A-34DEC12F3200}"
EndProject
Project("{FAE04EC0-301F-11D3-BF4B-00C04F79EFBC}") = "Tyuiu.AtakishievRS.Sprint2.Task1.V13.Test", "Tyuiu.AtakishievRS.Sprint2.Task1.V13.Test\Tyuiu.AtakishievRS.Sprint2.Task1.V13.Test.csproj", "{6AD497F5-18FA-4789-91F6-98CF3E6EFFF4}"
EndProject
Project("{2150E333-8FDC-42A3-9474-1A3956D46DE8}") = "Task2", "Task2", "{BFF0AA41-3CDC-4C3F-8410-6CF4F1A4CF1A}"
EndProject
Project("{FAE04EC0-301F-11D3-BF4B-00C04F79EFBC}") = "Tyuiu.AtakishievRS.Sprint2.Task2.V16.Lib", "Tyuiu.AtakishievRS.Sprint2.Task2.V16.Lib\Tyuiu.AtakishievRS.Sprint2.Task2.V16.Lib.csproj", "{E4561E41-CBB3-4065-A4DB-D889C376F4F8}"
EndProject
Project("{FAE04EC0-301F-11D3-BF4B-00C04F79EFBC}") = "Tyuiu.AtakishievRS.Sprint2.Task2.V16", "Tyuiu.AtakishievRS.Sprint2.Task2.V16\Tyuiu.AtakishievRS.Sprint2.Task2.V16.csproj", "{7D4C52CA-2292-43BD-B2CD-26FD6374F65A}"
EndProject
Project("{FAE04EC0-301F-11D3-BF4B-00C04F79EFBC}") = "Tyuiu.AtakishievRS.Sprint2.Task2.V16.Test", "Tyuiu.AtakishievRS.Sprint2.Task2.V16.Test\Tyuiu.AtakishievRS.Sprint2.Task2.V16.Test.csproj", "{5FC9BE01-438E-489A-B54D-3AD63B94C39A}"
EndProject
Global
	GlobalSection(SolutionConfigurationPlatforms) = preSolution
		Debug|Any CPU = Debug|Any CPU
		Release|Any CPU = Release|Any CPU
	EndGlobalSection
	GlobalSection(ProjectConfigurationPlatforms) = postSolution
		{A5EF0B81-CADC-487A-8207-592E5E127E19}.Debug|Any CPU.ActiveCfg = Debug|Any CPU
		{A5EF0B81-CADC-487A-8207-592E5E127E19}.Debug|Any CPU.Build.0 = Debug|Any CPU
		{A5EF0B81-CADC-487A-8207-592E5E127E19}.Release|Any CPU.ActiveCfg = Release|Any CPU
		{A5EF0B81-CADC-487A-8207-592E5E127E19}.Release|Any CPU.Build.0 = Release|Any CPU
		{03C3D221-8540-40EA-8146-18B37D076E1F}.Debug|Any CPU.ActiveCfg = Debug|Any CPU
		{03C3D221-8540-40EA-8146-18B37D076E1F}.Debug|Any CPU.Build.0 = Debug|Any CPU
		{03C3D221-8540-40EA-8146-18B37D076E1F}.Release|Any CPU.ActiveCfg = Release|Any CPU
		{03C3D221-8540-40EA-8146-18B37D076E1F}.Release|Any CPU.Build.0 = Release|Any CPU
		{3F70E4FB-5C37-4A70-B368-A86A977BBE86}.Debug|Any CPU.ActiveCfg = Debug|Any CPU
		{3F70E4FB-5C37-4A70-B368-A86A977BBE86}.Debug|Any CPU.Build.0 = Debug|Any CPU
		{3F70E4FB-5C37-4A70-B368-A86A977BBE86}.Release|Any CPU.ActiveCfg = Release|Any CPU
		{3F70E4FB-5C37-4A70-B368-A86A977BBE86}.Release|Any CPU.Build.0 = Release|Any CPU
		{3DAB8E5B-B27C-43DB-8CF9-29175D7F537A}.Debug|Any CPU.ActiveCfg = Debug|Any CPU
		{3DAB8E5B-B27C-43DB-8CF9-29175D7F537A}.Debug|Any CPU.Build.0 = Debug|Any CPU
		{3DAB8E5B-B27C-43DB-8CF9-29175D7F537A}.Release|Any CPU.ActiveCfg = Release|Any CPU
		{3DAB8E5B-B27C-43DB-8CF9-29175D7F537A}.Release|Any CPU.Build.0 = Release|Any CPU
		{01F1310D-BFCE-4B1A-942A-34DEC12F3200}.Debug|Any CPU.ActiveCfg = Debug|Any CPU
		{01F1310D-BFCE-4B1A-942A-34DEC12F3200}.Debug|Any CPU.Build.0 = Debug|Any CPU
		{01F1310D-BFCE-4B1A-942A-34DEC12F3200}.Release|Any CPU.ActiveCfg = Release|Any CPU
		{01F1310D-BFCE-4B1A-942A-34DEC12F3200}.Release|Any CPU.Build.0 = Release|Any CPU
		{6AD497F5-18FA-4789-91F6-98CF3E6EFFF4}.Debug|Any CPU.ActiveCfg = Debug|Any CPU
		{6AD497F5-18FA-4789-91F6-98CF3E6EFFF4}.Debug|Any CPU.Build.0 = Debug|Any CPU
		{6AD497F5-18FA-4789-91F6-98CF3E6EFFF4}.Release|Any CPU.ActiveCfg = Release|Any CPU
		{6AD497F5-18FA-4789-91F6-98CF3E6EFFF4}.Release|Any CPU.Build.0 = Release|Any CPU
		{E4561E41-CBB3-4065-A4DB-D889C376F4F8}.Debug|Any CPU.ActiveCfg = Debug|Any CPU
		{E4561E41-CBB3-4065-A4DB-D889C376F4F8}.Debug|Any CPU.Build.0 = Debug|Any CPU
		{E4561E41-CBB3-4065-A4DB-D889C376F4F8}.Release|Any CPU.ActiveCfg = Release|Any CPU
		{E4561E41-CBB3-4065-A4DB-D889C376F4F8}.Release|Any CPU.Build.0 = Release|Any CPU
		{7D4C52CA-2292-43BD-B2CD-26FD6374F65A}.Debug|Any CPU.ActiveCfg = Debug|Any CPU
		{7D4C52CA-2292-43BD-B2CD-26FD6374F65A}.Debug|Any CPU.Build.0 = Debug|Any CPU
		{7D4C52CA-2292-43BD-B2CD-26FD6374F65A}.Release|Any CPU.ActiveCfg = Release|Any CPU
		{7D4C52CA-2292-43BD-B2CD-26FD6374F65A}.Release|Any CPU.Build.0 = Release|Any CPU
		{5FC9BE01-438E-489A-B54D-3AD63B94C39A}.Debug|Any CPU.ActiveCfg = Debug|Any CPU
		{5FC9BE01-438E-489A-B54D-3AD63B94C39A}.Debug|Any CPU.Build.0 = Debug|Any CPU
		{5FC9BE01-438E-489A-B54D-3AD63B94C39A}.Release|Any CPU.ActiveCfg = Release|Any CPU
		{5FC9BE01-438E-489A-B54D-3AD63B94C39A}.Release|Any CPU.Build.0 = Release|Any CPU
	EndGlobalSection
	GlobalSection(SolutionProperties) = preSolution
		HideSolutionNode = FALSE
	EndGlobalSection
	GlobalSection(NestedProjects) = preSolution
		{A5EF0B81-CADC-487A-8207-592E5E127E19} = {02EA681E-C7D8-13C7-8484-4AC65E1B71E8}
		{03C3D221-8540-40EA-8146-18B37D076E1F} = {02EA681E-C7D8-13C7-8484-4AC65E1B71E8}
		{3F70E4FB-5C37-4A70-B368-A86A977BBE86} = {02EA681E-C7D8-13C7-8484-4AC65E1B71E8}
		{3DAB8E5B-B27C-43DB-8CF9-29175D7F537A} = {C8C275EA-5CEA-468A-963A-946A29AFFEA4}
		{01F1310D-BFCE-4B1A-942A-34DEC12F3200} = {C8C275EA-5CEA-468A-963A-946A29AFFEA4}
		{6AD497F5-18FA-4789-91F6-98CF3E6EFFF4} = {C8C275EA-5CEA-468A-963A-946A29AFFEA4}
		{E4561E41-CBB3-4065-A4DB-D889C376F4F8} = {BFF0AA41-3CDC-4C3F-8410-6CF4F1A4CF1A}
		{7D4C52CA-2292-43BD-B2CD-26FD6374F65A} = {BFF0AA41-3CDC-4C3F-8410-6CF4F1A4CF1A}
		{5FC9BE01-438E-489A-B54D-3AD63B94C39A} = {BFF0AA41-3CDC-4C3F-8410-6CF4F1A4CF1A}
	EndGlobalSection
	GlobalSection(ExtensibilityGlobals) = postSolution
		SolutionGuid = {91100FA5-669A-4D58-9898-3A688109D810}
	EndGlobalSection
EndGlobal
